
Microsoft Visual Studio Solution File, Format Version 12.00
# Visual Studio Version 16
VisualStudioVersion = 16.0.31624.102
MinimumVisualStudioVersion = 10.0.40219.1
Project("{9A19103F-16F7-4668-BE54-9A1E7A4F7556}") = "pet-store", "pet-store\pet-store.csproj", "{6CD80794-231E-4DA4-8381-454B094596D0}"
EndProject
Project("{2150E333-8FDC-42A3-9474-1A3956D46DE8}") = "Solution Items", "Solution Items", "{3D04B827-0F8E-424B-8160-FACF2D8B0860}"
	ProjectSection(SolutionItems) = preProject
		readme.md = readme.md
	EndProjectSection
EndProject
Global
	GlobalSection(SolutionConfigurationPlatforms) = preSolution
		Debug|Any CPU = Debug|Any CPU
		Release|Any CPU = Release|Any CPU
	EndGlobalSection
	GlobalSection(ProjectConfigurationPlatforms) = postSolution
		{6CD80794-231E-4DA4-8381-454B094596D0}.Debug|Any CPU.ActiveCfg = Debug|Any CPU
		{6CD80794-231E-4DA4-8381-454B094596D0}.Debug|Any CPU.Build.0 = Debug|Any CPU
		{6CD80794-231E-4DA4-8381-454B094596D0}.Release|Any CPU.ActiveCfg = Release|Any CPU
		{6CD80794-231E-4DA4-8381-454B094596D0}.Release|Any CPU.Build.0 = Release|Any CPU
	EndGlobalSection
	GlobalSection(SolutionProperties) = preSolution
		HideSolutionNode = FALSE
	EndGlobalSection
	GlobalSection(ExtensibilityGlobals) = postSolution
		SolutionGuid = {AA209B25-4FA7-4DAD-AACA-474B561611BD}
	EndGlobalSection
EndGlobal
